
Microsoft Visual Studio Solution File, Format Version 12.00
# Visual Studio Version 17
VisualStudioVersion = 17.7.34031.279
MinimumVisualStudioVersion = 10.0.40219.1
Project("{FAE04EC0-301F-11D3-BF4B-00C04F79EFBC}") = "Actividad1", "Actividad1\Actividad1.csproj", "{EE0479CF-4DD5-45C9-882A-44D88DC807F7}"
EndProject
Global
	GlobalSection(SolutionConfigurationPlatforms) = preSolution
		Debug|Any CPU = Debug|Any CPU
		Release|Any CPU = Release|Any CPU
	EndGlobalSection
	GlobalSection(ProjectConfigurationPlatforms) = postSolution
		{EE0479CF-4DD5-45C9-882A-44D88DC807F7}.Debug|Any CPU.ActiveCfg = Debug|Any CPU
		{EE0479CF-4DD5-45C9-882A-44D88DC807F7}.Debug|Any CPU.Build.0 = Debug|Any CPU
		{EE0479CF-4DD5-45C9-882A-44D88DC807F7}.Release|Any CPU.ActiveCfg = Release|Any CPU
		{EE0479CF-4DD5-45C9-882A-44D88DC807F7}.Release|Any CPU.Build.0 = Release|Any CPU
	EndGlobalSection
	GlobalSection(SolutionProperties) = preSolution
		HideSolutionNode = FALSE
	EndGlobalSection
	GlobalSection(ExtensibilityGlobals) = postSolution
		SolutionGuid = {116E2BD7-E037-44C1-AD1E-8CB924690535}
	EndGlobalSection
EndGlobal
